[[package]]
category = "main"
description = "A small Python module for determining appropriate platform-specific dirs, e.g. a \"user data dir\"."
name = "appdirs"
optional = false
python-versions = "*"
version = "1.4.4"

[[package]]
category = "dev"
description = "Atomic file writes."
marker = "sys_platform == \"win32\""
name = "atomicwrites"
optional = false
python-versions = ">=2.7, !=3.0.*, !=3.1.*, !=3.2.*, !=3.3.*"
version = "1.4.0"

[[package]]
category = "dev"
description = "Classes Without Boilerplate"
name = "attrs"
optional = false
python-versions = ">=2.7, !=3.0.*, !=3.1.*, !=3.2.*, !=3.3.*"
version = "20.3.0"

[package.extras]
dev = ["coverage (>=5.0.2)", "hypothesis", "pympler", "pytest (>=4.3.0)", "six", "zope.interface", "furo", "sphinx", "pre-commit"]
docs = ["furo", "sphinx", "zope.interface"]
tests = ["coverage (>=5.0.2)", "hypothesis", "pympler", "pytest (>=4.3.0)", "six", "zope.interface"]
tests_no_zope = ["coverage (>=5.0.2)", "hypothesis", "pympler", "pytest (>=4.3.0)", "six"]

[[package]]
category = "main"
description = "The uncompromising code formatter."
name = "black"
optional = false
python-versions = ">=3.6"
version = "20.8b1"

[package.dependencies]
appdirs = "*"
click = ">=7.1.2"
mypy-extensions = ">=0.4.3"
pathspec = ">=0.6,<1"
regex = ">=2020.1.8"
toml = ">=0.10.1"
typed-ast = ">=1.4.0"
typing-extensions = ">=3.7.4"

[package.extras]
colorama = ["colorama (>=0.4.3)"]
d = ["aiohttp (>=3.3.2)", "aiohttp-cors"]

[[package]]
category = "main"
description = "BSON codec for Python"
name = "bson"
optional = false
python-versions = "*"
version = "0.5.10"

[package.dependencies]
python-dateutil = ">=2.4.0"
six = ">=1.9.0"

[[package]]
category = "main"
description = "Composable command line interface toolkit"
name = "click"
optional = false
python-versions = ">=2.7, !=3.0.*, !=3.1.*, !=3.2.*, !=3.3.*, !=3.4.*"
version = "7.1.2"

[[package]]
category = "dev"
description = "Cross-platform colored terminal text."
marker = "sys_platform == \"win32\""
name = "colorama"
optional = false
python-versions = ">=2.7, !=3.0.*, !=3.1.*, !=3.2.*, !=3.3.*, !=3.4.*"
version = "0.4.4"

[[package]]
category = "main"
description = "DNS toolkit"
name = "dnspython"
optional = false
python-versions = ">=2.7, !=3.0.*, !=3.1.*, !=3.2.*, !=3.3.*"
version = "1.16.0"

[package.extras]
DNSSEC = ["pycryptodome", "ecdsa (>=0.13)"]
IDNA = ["idna (>=2.1)"]

[[package]]
category = "dev"
description = "Read metadata from Python packages"
marker = "python_version < \"3.8\""
name = "importlib-metadata"
optional = false
python-versions = ">=3.6"
version = "3.10.0"

[package.dependencies]
zipp = ">=0.5"

[package.dependencies.typing-extensions]
python = "<3.8"
version = ">=3.6.4"

[package.extras]
docs = ["sphinx", "jaraco.packaging (>=8.2)", "rst.linker (>=1.9)"]
testing = ["pytest (>=4.6)", "pytest-checkdocs (>=2.4)", "pytest-flake8", "pytest-cov", "pytest-enabler (>=1.0.1)", "packaging", "pep517", "pyfakefs", "flufl.flake8", "pytest-black (>=0.3.7)", "pytest-mypy", "importlib-resources (>=1.3)"]

[[package]]
category = "main"
description = "IPv4/IPv6 manipulation library"
name = "ipaddress"
optional = false
python-versions = "*"
version = "1.0.23"

[[package]]
category = "dev"
description = "More routines for operating on iterables, beyond itertools"
name = "more-itertools"
optional = false
python-versions = ">=3.5"
version = "8.7.0"

[[package]]
category = "main"
description = "Experimental type system extensions for programs checked with the mypy typechecker."
name = "mypy-extensions"
optional = false
python-versions = "*"
version = "0.4.3"

[[package]]
category = "main"
description = "NumPy is the fundamental package for array computing with Python."
name = "numpy"
optional = false
python-versions = ">=3.7"
version = "1.20.2"

[[package]]
category = "dev"
description = "Core utilities for Python packages"
name = "packaging"
optional = false
python-versions = ">=2.7, !=3.0.*, !=3.1.*, !=3.2.*, !=3.3.*"
version = "20.9"

[package.dependencies]
pyparsing = ">=2.0.2"

[[package]]
category = "main"
description = "Powerful data structures for data analysis, time series, and statistics"
name = "pandas"
optional = false
python-versions = ">=3.7.1"
version = "1.2.3"

[package.dependencies]
numpy = ">=1.16.5"
python-dateutil = ">=2.7.3"
pytz = ">=2017.3"

[package.extras]
test = ["pytest (>=5.0.1)", "pytest-xdist", "hypothesis (>=3.58)"]

[[package]]
category = "main"
description = "Utility library for gitignore style pattern matching of file paths."
name = "pathspec"
optional = false
python-versions = ">=2.7, !=3.0.*, !=3.1.*, !=3.2.*, !=3.3.*, !=3.4.*"
version = "0.8.1"

[[package]]
category = "dev"
description = "plugin and hook calling mechanisms for python"
name = "pluggy"
optional = false
python-versions = ">=2.7, !=3.0.*, !=3.1.*, !=3.2.*, !=3.3.*"
version = "0.13.1"

[package.dependencies]
[package.dependencies.importlib-metadata]
python = "<3.8"
version = ">=0.12"

[package.extras]
dev = ["pre-commit", "tox"]

[[package]]
category = "dev"
description = "library with cross-python path, ini-parsing, io, code, log facilities"
name = "py"
optional = false
python-versions = ">=2.7, !=3.0.*, !=3.1.*, !=3.2.*, !=3.3.*"
version = "1.10.0"

[[package]]
category = "main"
description = "Python driver for MongoDB <http://www.mongodb.org>"
name = "pymongo"
optional = false
python-versions = "*"
version = "3.8.0"

[package.dependencies]
[package.dependencies.ipaddress]
optional = true
version = "*"

[package.extras]
gssapi = ["pykerberos"]
snappy = ["python-snappy"]
srv = ["dnspython (>=1.8.0,<2.0.0)"]
tls = ["ipaddress"]

[[package]]
category = "dev"
description = "Python parsing module"
name = "pyparsing"
optional = false
python-versions = ">=2.6, !=3.0.*, !=3.1.*, !=3.2.*"
version = "2.4.7"

[[package]]
category = "dev"
description = "pytest: simple powerful testing with Python"
name = "pytest"
optional = false
python-versions = ">=3.5"
version = "5.4.3"

[package.dependencies]
atomicwrites = ">=1.0"
attrs = ">=17.4.0"
colorama = "*"
more-itertools = ">=4.0.0"
packaging = "*"
pluggy = ">=0.12,<1.0"
py = ">=1.5.0"
wcwidth = "*"

[package.dependencies.importlib-metadata]
python = "<3.8"
version = ">=0.12"

[package.extras]
checkqa-mypy = ["mypy (v0.761)"]
testing = ["argcomplete", "hypothesis (>=3.56)", "mock", "nose", "requests", "xmlschema"]

[[package]]
category = "main"
description = "Extensions to the standard Python datetime module"
name = "python-dateutil"
optional = false
python-versions = "!=3.0.*,!=3.1.*,!=3.2.*,>=2.7"
version = "2.8.1"

[package.dependencies]
six = ">=1.5"

[[package]]
category = "main"
description = "World timezone definitions, modern and historical"
name = "pytz"
optional = false
python-versions = "*"
version = "2021.1"

[[package]]
category = "main"
description = "Alternative regular expression module, to replace re."
name = "regex"
optional = false
python-versions = "*"
version = "2021.3.17"

[[package]]
category = "main"
description = "Python 2 and 3 compatibility utilities"
name = "six"
optional = false
python-versions = ">=2.7, !=3.0.*, !=3.1.*, !=3.2.*"
version = "1.15.0"

[[package]]
category = "main"
description = "Python Library for Tom's Obvious, Minimal Language"
name = "toml"
optional = false
python-versions = ">=2.6, !=3.0.*, !=3.1.*, !=3.2.*"
version = "0.10.2"

[[package]]
category = "main"
description = "a fork of Python 2 and 3 ast modules with type comment support"
name = "typed-ast"
optional = false
python-versions = "*"
version = "1.4.2"

[[package]]
category = "main"
description = "Backported and Experimental Type Hints for Python 3.5+"
name = "typing-extensions"
optional = false
python-versions = "*"
version = "3.7.4.3"

[[package]]
category = "dev"
description = "Measures the displayed width of unicode strings in a terminal"
name = "wcwidth"
optional = false
python-versions = "*"
version = "0.2.5"

[[package]]
category = "dev"
description = "Backport of pathlib-compatible object wrapper for zip files"
marker = "python_version < \"3.8\""
name = "zipp"
optional = false
python-versions = ">=3.6"
version = "3.4.1"

[package.extras]
docs = ["sphinx", "jaraco.packaging (>=8.2)", "rst.linker (>=1.9)"]
testing = ["pytest (>=4.6)", "pytest-checkdocs (>=1.2.3)", "pytest-flake8", "pytest-cov", "pytest-enabler", "jaraco.itertools", "func-timeout", "pytest-black (>=0.3.7)", "pytest-mypy"]

[metadata]
content-hash = "5785acc1320563b722fcd4e4d1ee5c5f365a89f97bd3b3726e0fa8ea35f6a7e6"
python-versions = "^3.7.1"

[metadata.files]
appdirs = [
    {file = "appdirs-1.4.4-py2.py3-none-any.whl", hash = "sha256:a841dacd6b99318a741b166adb07e19ee71a274450e68237b4650ca1055ab128"},
    {file = "appdirs-1.4.4.tar.gz", hash = "sha256:7d5d0167b2b1ba821647616af46a749d1c653740dd0d2415100fe26e27afdf41"},
]
atomicwrites = [
    {file = "atomicwrites-1.4.0-py2.py3-none-any.whl", hash = "sha256:6d1784dea7c0c8d4a5172b6c620f40b6e4cbfdf96d783691f2e1302a7b88e197"},
    {file = "atomicwrites-1.4.0.tar.gz", hash = "sha256:ae70396ad1a434f9c7046fd2dd196fc04b12f9e91ffb859164193be8b6168a7a"},
]
attrs = [
    {file = "attrs-20.3.0-py2.py3-none-any.whl", hash = "sha256:31b2eced602aa8423c2aea9c76a724617ed67cf9513173fd3a4f03e3a929c7e6"},
    {file = "attrs-20.3.0.tar.gz", hash = "sha256:832aa3cde19744e49938b91fea06d69ecb9e649c93ba974535d08ad92164f700"},
]
black = [
    {file = "black-20.8b1.tar.gz", hash = "sha256:1c02557aa099101b9d21496f8a914e9ed2222ef70336404eeeac8edba836fbea"},
]
bson = [
    {file = "bson-0.5.10.tar.gz", hash = "sha256:d6511b2ab051139a9123c184de1a04227262173ad593429d21e443d6462d6590"},
]
click = [
    {file = "click-7.1.2-py2.py3-none-any.whl", hash = "sha256:dacca89f4bfadd5de3d7489b7c8a566eee0d3676333fbb50030263894c38c0dc"},
    {file = "click-7.1.2.tar.gz", hash = "sha256:d2b5255c7c6349bc1bd1e59e08cd12acbbd63ce649f2588755783aa94dfb6b1a"},
]
colorama = [
    {file = "colorama-0.4.4-py2.py3-none-any.whl", hash = "sha256:9f47eda37229f68eee03b24b9748937c7dc3868f906e8ba69fbcbdd3bc5dc3e2"},
    {file = "colorama-0.4.4.tar.gz", hash = "sha256:5941b2b48a20143d2267e95b1c2a7603ce057ee39fd88e7329b0c292aa16869b"},
]
dnspython = [
    {file = "dnspython-1.16.0-py2.py3-none-any.whl", hash = "sha256:f69c21288a962f4da86e56c4905b49d11aba7938d3d740e80d9e366ee4f1632d"},
    {file = "dnspython-1.16.0.zip", hash = "sha256:36c5e8e38d4369a08b6780b7f27d790a292b2b08eea01607865bf0936c558e01"},
]
importlib-metadata = [
    {file = "importlib_metadata-3.10.0-py3-none-any.whl", hash = "sha256:d2d46ef77ffc85cbf7dac7e81dd663fde71c45326131bea8033b9bad42268ebe"},
    {file = "importlib_metadata-3.10.0.tar.gz", hash = "sha256:c9db46394197244adf2f0b08ec5bc3cf16757e9590b02af1fca085c16c0d600a"},
]
ipaddress = [
    {file = "ipaddress-1.0.23-py2.py3-none-any.whl", hash = "sha256:6e0f4a39e66cb5bb9a137b00276a2eff74f93b71dcbdad6f10ff7df9d3557fcc"},
    {file = "ipaddress-1.0.23.tar.gz", hash = "sha256:b7f8e0369580bb4a24d5ba1d7cc29660a4a6987763faf1d8a8046830e020e7e2"},
]
more-itertools = [
    {file = "more-itertools-8.7.0.tar.gz", hash = "sha256:c5d6da9ca3ff65220c3bfd2a8db06d698f05d4d2b9be57e1deb2be5a45019713"},
    {file = "more_itertools-8.7.0-py3-none-any.whl", hash = "sha256:5652a9ac72209ed7df8d9c15daf4e1aa0e3d2ccd3c87f8265a0673cd9cbc9ced"},
]
mypy-extensions = [
    {file = "mypy_extensions-0.4.3-py2.py3-none-any.whl", hash = "sha256:090fedd75945a69ae91ce1303b5824f428daf5a028d2f6ab8a299250a846f15d"},
    {file = "mypy_extensions-0.4.3.tar.gz", hash = "sha256:2d82818f5bb3e369420cb3c4060a7970edba416647068eb4c5343488a6c604a8"},
]
numpy = [
    {file = "numpy-1.20.2-cp37-cp37m-macosx_10_9_x86_64.whl", hash = "sha256:e9459f40244bb02b2f14f6af0cd0732791d72232bbb0dc4bab57ef88e75f6935"},
    {file = "numpy-1.20.2-cp37-cp37m-manylinux1_i686.whl", hash = "sha256:a8e6859913ec8eeef3dbe9aed3bf475347642d1cdd6217c30f28dee8903528e6"},
    {file = "numpy-1.20.2-cp37-cp37m-manylinux1_x86_64.whl", hash = "sha256:9cab23439eb1ebfed1aaec9cd42b7dc50fc96d5cd3147da348d9161f0501ada5"},
    {file = "numpy-1.20.2-cp37-cp37m-manylinux2010_i686.whl", hash = "sha256:9c0fab855ae790ca74b27e55240fe4f2a36a364a3f1ebcfd1fb5ac4088f1cec3"},
    {file = "numpy-1.20.2-cp37-cp37m-manylinux2010_x86_64.whl", hash = "sha256:61d5b4cf73622e4d0c6b83408a16631b670fc045afd6540679aa35591a17fe6d"},
    {file = "numpy-1.20.2-cp37-cp37m-manylinux2014_aarch64.whl", hash = "sha256:d15007f857d6995db15195217afdbddfcd203dfaa0ba6878a2f580eaf810ecd6"},
    {file = "numpy-1.20.2-cp37-cp37m-win32.whl", hash = "sha256:d76061ae5cab49b83a8cf3feacefc2053fac672728802ac137dd8c4123397677"},
    {file = "numpy-1.20.2-cp37-cp37m-win_amd64.whl", hash = "sha256:bad70051de2c50b1a6259a6df1daaafe8c480ca98132da98976d8591c412e737"},
    {file = "numpy-1.20.2-cp38-cp38-macosx_10_9_x86_64.whl", hash = "sha256:719656636c48be22c23641859ff2419b27b6bdf844b36a2447cb39caceb00935"},
    {file = "numpy-1.20.2-cp38-cp38-manylinux1_i686.whl", hash = "sha256:aa046527c04688af680217fffac61eec2350ef3f3d7320c07fd33f5c6e7b4d5f"},
    {file = "numpy-1.20.2-cp38-cp38-manylinux1_x86_64.whl", hash = "sha256:2428b109306075d89d21135bdd6b785f132a1f5a3260c371cee1fae427e12727"},
    {file = "numpy-1.20.2-cp38-cp38-manylinux2010_i686.whl", hash = "sha256:e8e4fbbb7e7634f263c5b0150a629342cc19b47c5eba8d1cd4363ab3455ab576"},
    {file = "numpy-1.20.2-cp38-cp38-manylinux2010_x86_64.whl", hash = "sha256:edb1f041a9146dcf02cd7df7187db46ab524b9af2515f392f337c7cbbf5b52cd"},
    {file = "numpy-1.20.2-cp38-cp38-manylinux2014_aarch64.whl", hash = "sha256:c73a7975d77f15f7f68dacfb2bca3d3f479f158313642e8ea9058eea06637931"},
    {file = "numpy-1.20.2-cp38-cp38-win32.whl", hash = "sha256:6c915ee7dba1071554e70a3664a839fbc033e1d6528199d4621eeaaa5487ccd2"},
    {file = "numpy-1.20.2-cp38-cp38-win_amd64.whl", hash = "sha256:471c0571d0895c68da309dacee4e95a0811d0a9f9f532a48dc1bea5f3b7ad2b7"},
    {file = "numpy-1.20.2-cp39-cp39-macosx_10_9_x86_64.whl", hash = "sha256:4703b9e937df83f5b6b7447ca5912b5f5f297aba45f91dbbbc63ff9278c7aa98"},
    {file = "numpy-1.20.2-cp39-cp39-manylinux2010_i686.whl", hash = "sha256:abc81829c4039e7e4c30f7897938fa5d4916a09c2c7eb9b244b7a35ddc9656f4"},
    {file = "numpy-1.20.2-cp39-cp39-manylinux2010_x86_64.whl", hash = "sha256:377751954da04d4a6950191b20539066b4e19e3b559d4695399c5e8e3e683bf6"},
    {file = "numpy-1.20.2-cp39-cp39-manylinux2014_aarch64.whl", hash = "sha256:6e51e417d9ae2e7848314994e6fc3832c9d426abce9328cf7571eefceb43e6c9"},
    {file = "numpy-1.20.2-cp39-cp39-win32.whl", hash = "sha256:780ae5284cb770ade51d4b4a7dce4faa554eb1d88a56d0e8b9f35fca9b0270ff"},
    {file = "numpy-1.20.2-cp39-cp39-win_amd64.whl", hash = "sha256:924dc3f83de20437de95a73516f36e09918e9c9c18d5eac520062c49191025fb"},
    {file = "numpy-1.20.2-pp37-pypy37_pp73-manylinux2010_x86_64.whl", hash = "sha256:97ce8b8ace7d3b9288d88177e66ee75480fb79b9cf745e91ecfe65d91a856042"},
    {file = "numpy-1.20.2.zip", hash = "sha256:878922bf5ad7550aa044aa9301d417e2d3ae50f0f577de92051d739ac6096cee"},
]
packaging = [
    {file = "packaging-20.9-py2.py3-none-any.whl", hash = "sha256:67714da7f7bc052e064859c05c595155bd1ee9f69f76557e21f051443c20947a"},
    {file = "packaging-20.9.tar.gz", hash = "sha256:5b327ac1320dc863dca72f4514ecc086f31186744b84a230374cc1fd776feae5"},
]
pandas = [
    {file = "pandas-1.2.3-cp37-cp37m-macosx_10_9_x86_64.whl", hash = "sha256:4d821b9b911fc1b7d428978d04ace33f0af32bb7549525c8a7b08444bce46b74"},
    {file = "pandas-1.2.3-cp37-cp37m-manylinux1_i686.whl", hash = "sha256:9f5829e64507ad10e2561b60baf285c470f3c4454b007c860e77849b88865ae7"},
    {file = "pandas-1.2.3-cp37-cp37m-manylinux1_x86_64.whl", hash = "sha256:97b1954533b2a74c7e20d1342c4f01311d3203b48f2ebf651891e6a6eaf01104"},
    {file = "pandas-1.2.3-cp37-cp37m-win32.whl", hash = "sha256:5e3c8c60541396110586bcbe6eccdc335a38e7de8c217060edaf4722260b158f"},
    {file = "pandas-1.2.3-cp37-cp37m-win_amd64.whl", hash = "sha256:8a051e957c5206f722e83f295f95a2cf053e890f9a1fba0065780a8c2d045f5d"},
    {file = "pandas-1.2.3-cp38-cp38-macosx_10_9_x86_64.whl", hash = "sha256:a93e34f10f67d81de706ce00bf8bb3798403cabce4ccb2de10c61b5ae8786ab5"},
    {file = "pandas-1.2.3-cp38-cp38-manylinux1_i686.whl", hash = "sha256:46fc671c542a8392a4f4c13edc8527e3a10f6cb62912d856f82248feb747f06e"},
    {file = "pandas-1.2.3-cp38-cp38-manylinux1_x86_64.whl", hash = "sha256:43e00770552595c2250d8d712ec8b6e08ca73089ac823122344f023efa4abea3"},
    {file = "pandas-1.2.3-cp38-cp38-win32.whl", hash = "sha256:475b7772b6e18a93a43ea83517932deff33954a10d4fbae18d0c1aba4182310f"},
    {file = "pandas-1.2.3-cp38-cp38-win_amd64.whl", hash = "sha256:72ffcea00ae8ffcdbdefff800284311e155fbb5ed6758f1a6110fc1f8f8f0c1c"},
    {file = "pandas-1.2.3-cp39-cp39-macosx_10_9_x86_64.whl", hash = "sha256:621c044a1b5e535cf7dcb3ab39fca6f867095c3ef223a524f18f60c7fee028ea"},
    {file = "pandas-1.2.3-cp39-cp39-manylinux1_i686.whl", hash = "sha256:0f27fd1adfa256388dc34895ca5437eaf254832223812afd817a6f73127f969c"},
    {file = "pandas-1.2.3-cp39-cp39-manylinux1_x86_64.whl", hash = "sha256:dbb255975eb94143f2e6ec7dadda671d25147939047839cd6b8a4aff0379bb9b"},
    {file = "pandas-1.2.3-cp39-cp39-win32.whl", hash = "sha256:d59842a5aa89ca03c2099312163ffdd06f56486050e641a45d926a072f04d994"},
    {file = "pandas-1.2.3-cp39-cp39-win_amd64.whl", hash = "sha256:09761bf5f8c741d47d4b8b9073288de1be39bbfccc281d70b889ade12b2aad29"},
    {file = "pandas-1.2.3.tar.gz", hash = "sha256:df6f10b85aef7a5bb25259ad651ad1cc1d6bb09000595cab47e718cbac250b1d"},
]
pathspec = [
    {file = "pathspec-0.8.1-py2.py3-none-any.whl", hash = "sha256:aa0cb481c4041bf52ffa7b0d8fa6cd3e88a2ca4879c533c9153882ee2556790d"},
    {file = "pathspec-0.8.1.tar.gz", hash = "sha256:86379d6b86d75816baba717e64b1a3a3469deb93bb76d613c9ce79edc5cb68fd"},
]
pluggy = [
    {file = "pluggy-0.13.1-py2.py3-none-any.whl", hash = "sha256:966c145cd83c96502c3c3868f50408687b38434af77734af1e9ca461a4081d2d"},
    {file = "pluggy-0.13.1.tar.gz", hash = "sha256:15b2acde666561e1298d71b523007ed7364de07029219b604cf808bfa1c765b0"},
]
py = [
    {file = "py-1.10.0-py2.py3-none-any.whl", hash = "sha256:3b80836aa6d1feeaa108e046da6423ab8f6ceda6468545ae8d02d9d58d18818a"},
    {file = "py-1.10.0.tar.gz", hash = "sha256:21b81bda15b66ef5e1a777a21c4dcd9c20ad3efd0b3f817e7a809035269e1bd3"},
]
pymongo = [
    {file = "pymongo-3.8.0-cp27-cp27m-macosx_10_13_intel.whl", hash = "sha256:5ed9382410e938b0ff76041c34018210504729a83bcf4f6a70c7092c28169f6f"},
    {file = "pymongo-3.8.0-cp27-cp27m-manylinux1_i686.whl", hash = "sha256:aef7d88384ada699976350a285c7a333f96ebc959e98e7d2c98589f47bbf3b7f"},
    {file = "pymongo-3.8.0-cp27-cp27m-manylinux1_x86_64.whl", hash = "sha256:a8421f0823174888fb12a5fa675322e756499d71e77ff712b4412d4b8f3c6503"},
    {file = "pymongo-3.8.0-cp27-cp27m-win32.whl", hash = "sha256:6e04e496af7d156b66cce70460011c621ecbadf5dcdce325c7acbb3cd6ea245d"},
    {file = "pymongo-3.8.0-cp27-cp27m-win_amd64.whl", hash = "sha256:324b22a8443e11faca44c96b20e7ec8a9e59a1e664457edeeb4f796080b31cde"},
    {file = "pymongo-3.8.0-cp27-cp27mu-manylinux1_i686.whl", hash = "sha256:cee2fc0b94e66e7230da12fc4b3d34793c49957e16ee04f6468a94e264a1e41d"},
    {file = "pymongo-3.8.0-cp27-cp27mu-manylinux1_x86_64.whl", hash = "sha256:32421df60d06f479d71b6b539642e410ece3006e8910688e68df962c8eb40a21"},
    {file = "pymongo-3.8.0-cp34-cp34m-macosx_10_6_intel.whl", hash = "sha256:c1db85c39e6a60588f855dbc7bd68fb0dab796096148ab5aa4abecaff19e1c6e"},
    {file = "pymongo-3.8.0-cp34-cp34m-manylinux1_i686.whl", hash = "sha256:cf1dea28379a16b23e47db312883f07b3ba8d9d6abc1c59e51d4c8ae1820ab43"},
    {file = "pymongo-3.8.0-cp34-cp34m-manylinux1_x86_64.whl", hash = "sha256:854e8425e5eb775ccfffad04ecd094c99923d60a2c2d49babb5c435e836a91fa"},
    {file = "pymongo-3.8.0-cp34-cp34m-win32.whl", hash = "sha256:9ea016c2c011df21f77c1f806ce45129a344ba2d414bd50f9e065b13a4a134be"},
    {file = "pymongo-3.8.0-cp34-cp34m-win_amd64.whl", hash = "sha256:d1cd175df7c8b5fc976bade78bf4d9fb5aa7ab465c0f59931e380bbe188ef8fc"},
    {file = "pymongo-3.8.0-cp35-cp35m-macosx_10_6_intel.whl", hash = "sha256:47473b70c5f3cd5ddd2c49ab3b9ceafdafbbed5bc963f147df22a9343d7978f5"},
    {file = "pymongo-3.8.0-cp35-cp35m-manylinux1_i686.whl", hash = "sha256:4a65f0f71ece86c860d30a1436b646db8ea32aec518845ef2903ca569faec32e"},
    {file = "pymongo-3.8.0-cp35-cp35m-manylinux1_x86_64.whl", hash = "sha256:530621906c5dd6d27305b39c4e017701e5f4299aa68b93cde70eb985f94ca26f"},
    {file = "pymongo-3.8.0-cp35-cp35m-win32.whl", hash = "sha256:49375839af76834e9c5c3cc78c78386873fd0b2ad9a0860a7dc4ec9fe73af9dd"},
    {file = "pymongo-3.8.0-cp35-cp35m-win_amd64.whl", hash = "sha256:fcb9ae8aa9158106c5d98a4349ec0d90b68f052d620b2d24622ba03b91e4d81d"},
    {file = "pymongo-3.8.0-cp36-cp36m-macosx_10_9_x86_64.whl", hash = "sha256:54f4770b5810e8dc3cbeed675874195f02bb2bc4e95a9d665068edfb3baff4f7"},
    {file = "pymongo-3.8.0-cp36-cp36m-manylinux1_i686.whl", hash = "sha256:9569796d48498e4db4e1d56284b626a8ed15f641ce3a8b2085f06bb03f4c2c88"},
    {file = "pymongo-3.8.0-cp36-cp36m-manylinux1_x86_64.whl", hash = "sha256:61e8e1c58b4fdf47ab79b7c7db8bb022c1e40b3b5fcbbaeea5fc94dc5c75638d"},
    {file = "pymongo-3.8.0-cp36-cp36m-win32.whl", hash = "sha256:460b224681ea711e48e3638d15be2249024031b7dcb9622ba19c2e85bd5a26cc"},
    {file = "pymongo-3.8.0-cp36-cp36m-win_amd64.whl", hash = "sha256:4505ff8b7923dd7a8bed1bf25c9c4d0df5ab0b8b2821f2296533f2149a55f401"},
    {file = "pymongo-3.8.0-cp37-cp37m-macosx_10_9_x86_64.whl", hash = "sha256:b4d7ff9957ee770cf03bd7156a68a2f2e838e60712d9608eadc8741c15d01e72"},
    {file = "pymongo-3.8.0-cp37-cp37m-manylinux1_i686.whl", hash = "sha256:7ef89ec435e89da902451dde6845066fe2770befaf0301fe2a1ac426b51fced3"},
    {file = "pymongo-3.8.0-cp37-cp37m-manylinux1_x86_64.whl", hash = "sha256:d48a94edf3cdd34524936a72ea01b352682b337f33a42db10ba29a96c37147d3"},
    {file = "pymongo-3.8.0-cp37-cp37m-win32.whl", hash = "sha256:d9cc103a4e97f78bc77a1d72759ab3722f6cdf0374ad4fb4b0c53bd3238bdf98"},
    {file = "pymongo-3.8.0-cp37-cp37m-win_amd64.whl", hash = "sha256:61cad83637ae12c1c825130d7f9325cd6c162e3a64e8747a8144866020be3ff4"},
    {file = "pymongo-3.8.0-py2.7-macosx-10.13-intel.egg", hash = "sha256:3b6336b1d2a1ac2fcc8f629070016f3c76ad7dc969f269232471953d6dd17c0d"},
    {file = "pymongo-3.8.0-py2.7-win-amd64.egg", hash = "sha256:74838f04da0b3995b830fe1f00f9b200831582cbc42a22b77e04dfb717cb0d56"},
    {file = "pymongo-3.8.0-py2.7-win32.egg", hash = "sha256:c3e813b1bd0b883639e30170dc9daccb9b6ef7e81836188b88d3fc7364892b35"},
    {file = "pymongo-3.8.0.tar.gz", hash = "sha256:9d50c99c6388863cbfdc5db9bad62e3a7c2e5fc151554a07c7f3c2530334a34f"},
]
pyparsing = [
    {file = "pyparsing-2.4.7-py2.py3-none-any.whl", hash = "sha256:ef9d7589ef3c200abe66653d3f1ab1033c3c419ae9b9bdb1240a85b024efc88b"},
    {file = "pyparsing-2.4.7.tar.gz", hash = "sha256:c203ec8783bf771a155b207279b9bccb8dea02d8f0c9e5f8ead507bc3246ecc1"},
]
pytest = [
    {file = "pytest-5.4.3-py3-none-any.whl", hash = "sha256:5c0db86b698e8f170ba4582a492248919255fcd4c79b1ee64ace34301fb589a1"},
    {file = "pytest-5.4.3.tar.gz", hash = "sha256:7979331bfcba207414f5e1263b5a0f8f521d0f457318836a7355531ed1a4c7d8"},
]
python-dateutil = [
    {file = "python-dateutil-2.8.1.tar.gz", hash = "sha256:73ebfe9dbf22e832286dafa60473e4cd239f8592f699aa5adaf10050e6e1823c"},
    {file = "python_dateutil-2.8.1-py2.py3-none-any.whl", hash = "sha256:75bb3f31ea686f1197762692a9ee6a7550b59fc6ca3a1f4b5d7e32fb98e2da2a"},
]
pytz = [
    {file = "pytz-2021.1-py2.py3-none-any.whl", hash = "sha256:eb10ce3e7736052ed3623d49975ce333bcd712c7bb19a58b9e2089d4057d0798"},
    {file = "pytz-2021.1.tar.gz", hash = "sha256:83a4a90894bf38e243cf052c8b58f381bfe9a7a483f6a9cab140bc7f702ac4da"},
]
regex = [
    {file = "regex-2021.3.17-cp36-cp36m-macosx_10_9_x86_64.whl", hash = "sha256:b97ec5d299c10d96617cc851b2e0f81ba5d9d6248413cd374ef7f3a8871ee4a6"},
    {file = "regex-2021.3.17-cp36-cp36m-manylinux1_i686.whl", hash = "sha256:cb4ee827857a5ad9b8ae34d3c8cc51151cb4a3fe082c12ec20ec73e63cc7c6f0"},
    {file = "regex-2021.3.17-cp36-cp36m-manylinux1_x86_64.whl", hash = "sha256:633497504e2a485a70a3268d4fc403fe3063a50a50eed1039083e9471ad0101c"},
    {file = "regex-2021.3.17-cp36-cp36m-manylinux2010_i686.whl", hash = "sha256:a59a2ee329b3de764b21495d78c92ab00b4ea79acef0f7ae8c1067f773570afa"},
    {file = "regex-2021.3.17-cp36-cp36m-manylinux2010_x86_64.whl", hash = "sha256:f85d6f41e34f6a2d1607e312820971872944f1661a73d33e1e82d35ea3305e14"},
    {file = "regex-2021.3.17-cp36-cp36m-manylinux2014_aarch64.whl", hash = "sha256:4651f839dbde0816798e698626af6a2469eee6d9964824bb5386091255a1694f"},
    {file = "regex-2021.3.17-cp36-cp36m-manylinux2014_i686.whl", hash = "sha256:39c44532d0e4f1639a89e52355b949573e1e2c5116106a395642cbbae0ff9bcd"},
    {file = "regex-2021.3.17-cp36-cp36m-manylinux2014_x86_64.whl", hash = "sha256:3d9a7e215e02bd7646a91fb8bcba30bc55fd42a719d6b35cf80e5bae31d9134e"},
    {file = "regex-2021.3.17-cp36-cp36m-win32.whl", hash = "sha256:159fac1a4731409c830d32913f13f68346d6b8e39650ed5d704a9ce2f9ef9cb3"},
    {file = "regex-2021.3.17-cp36-cp36m-win_amd64.whl", hash = "sha256:13f50969028e81765ed2a1c5fcfdc246c245cf8d47986d5172e82ab1a0c42ee5"},
    {file = "regex-2021.3.17-cp37-cp37m-macosx_10_9_x86_64.whl", hash = "sha256:b9d8d286c53fe0cbc6d20bf3d583cabcd1499d89034524e3b94c93a5ab85ca90"},
    {file = "regex-2021.3.17-cp37-cp37m-manylinux1_i686.whl", hash = "sha256:201e2619a77b21a7780580ab7b5ce43835e242d3e20fef50f66a8df0542e437f"},
    {file = "regex-2021.3.17-cp37-cp37m-manylinux1_x86_64.whl", hash = "sha256:d47d359545b0ccad29d572ecd52c9da945de7cd6cf9c0cfcb0269f76d3555689"},
    {file = "regex-2021.3.17-cp37-cp37m-manylinux2010_i686.whl", hash = "sha256:ea2f41445852c660ba7c3ebf7d70b3779b20d9ca8ba54485a17740db49f46932"},
    {file = "regex-2021.3.17-cp37-cp37m-manylinux2010_x86_64.whl", hash = "sha256:486a5f8e11e1f5bbfcad87f7c7745eb14796642323e7e1829a331f87a713daaa"},
    {file = "regex-2021.3.17-cp37-cp37m-manylinux2014_aarch64.whl", hash = "sha256:18e25e0afe1cf0f62781a150c1454b2113785401ba285c745acf10c8ca8917df"},
    {file = "regex-2021.3.17-cp37-cp37m-manylinux2014_i686.whl", hash = "sha256:a2ee026f4156789df8644d23ef423e6194fad0bc53575534101bb1de5d67e8ce"},
    {file = "regex-2021.3.17-cp37-cp37m-manylinux2014_x86_64.whl", hash = "sha256:4c0788010a93ace8a174d73e7c6c9d3e6e3b7ad99a453c8ee8c975ddd9965643"},
    {file = "regex-2021.3.17-cp37-cp37m-win32.whl", hash = "sha256:575a832e09d237ae5fedb825a7a5bc6a116090dd57d6417d4f3b75121c73e3be"},
    {file = "regex-2021.3.17-cp37-cp37m-win_amd64.whl", hash = "sha256:8e65e3e4c6feadf6770e2ad89ad3deb524bcb03d8dc679f381d0568c024e0deb"},
    {file = "regex-2021.3.17-cp38-cp38-macosx_10_9_x86_64.whl", hash = "sha256:a0df9a0ad2aad49ea3c7f65edd2ffb3d5c59589b85992a6006354f6fb109bb18"},
    {file = "regex-2021.3.17-cp38-cp38-manylinux1_i686.whl", hash = "sha256:b98bc9db003f1079caf07b610377ed1ac2e2c11acc2bea4892e28cc5b509d8d5"},
    {file = "regex-2021.3.17-cp38-cp38-manylinux1_x86_64.whl", hash = "sha256:808404898e9a765e4058bf3d7607d0629000e0a14a6782ccbb089296b76fa8fe"},
    {file = "regex-2021.3.17-cp38-cp38-manylinux2010_i686.whl", hash = "sha256:5770a51180d85ea468234bc7987f5597803a4c3d7463e7323322fe4a1b181578"},
    {file = "regex-2021.3.17-cp38-cp38-manylinux2010_x86_64.whl", hash = "sha256:976a54d44fd043d958a69b18705a910a8376196c6b6ee5f2596ffc11bff4420d"},
    {file = "regex-2021.3.17-cp38-cp38-manylinux2014_aarch64.whl", hash = "sha256:63f3ca8451e5ff7133ffbec9eda641aeab2001be1a01878990f6c87e3c44b9d5"},
    {file = "regex-2021.3.17-cp38-cp38-manylinux2014_i686.whl", hash = "sha256:bcd945175c29a672f13fce13a11893556cd440e37c1b643d6eeab1988c8b209c"},
    {file = "regex-2021.3.17-cp38-cp38-manylinux2014_x86_64.whl", hash = "sha256:3d9356add82cff75413bec360c1eca3e58db4a9f5dafa1f19650958a81e3249d"},
    {file = "regex-2021.3.17-cp38-cp38-win32.whl", hash = "sha256:f5d0c921c99297354cecc5a416ee4280bd3f20fd81b9fb671ca6be71499c3fdf"},
    {file = "regex-2021.3.17-cp38-cp38-win_amd64.whl", hash = "sha256:14de88eda0976020528efc92d0a1f8830e2fb0de2ae6005a6fc4e062553031fa"},
    {file = "regex-2021.3.17-cp39-cp39-macosx_10_9_x86_64.whl", hash = "sha256:4c2e364491406b7888c2ad4428245fc56c327e34a5dfe58fd40df272b3c3dab3"},
    {file = "regex-2021.3.17-cp39-cp39-manylinux1_i686.whl", hash = "sha256:8bd4f91f3fb1c9b1380d6894bd5b4a519409135bec14c0c80151e58394a4e88a"},
    {file = "regex-2021.3.17-cp39-cp39-manylinux1_x86_64.whl", hash = "sha256:882f53afe31ef0425b405a3f601c0009b44206ea7f55ee1c606aad3cc213a52c"},
    {file = "regex-2021.3.17-cp39-cp39-manylinux2010_i686.whl", hash = "sha256:07ef35301b4484bce843831e7039a84e19d8d33b3f8b2f9aab86c376813d0139"},
    {file = "regex-2021.3.17-cp39-cp39-manylinux2010_x86_64.whl", hash = "sha256:360a01b5fa2ad35b3113ae0c07fb544ad180603fa3b1f074f52d98c1096fa15e"},
    {file = "regex-2021.3.17-cp39-cp39-manylinux2014_aarch64.whl", hash = "sha256:709f65bb2fa9825f09892617d01246002097f8f9b6dde8d1bb4083cf554701ba"},
    {file = "regex-2021.3.17-cp39-cp39-manylinux2014_i686.whl", hash = "sha256:c66221e947d7207457f8b6f42b12f613b09efa9669f65a587a2a71f6a0e4d106"},
    {file = "regex-2021.3.17-cp39-cp39-manylinux2014_x86_64.whl", hash = "sha256:c782da0e45aff131f0bed6e66fbcfa589ff2862fc719b83a88640daa01a5aff7"},
    {file = "regex-2021.3.17-cp39-cp39-win32.whl", hash = "sha256:dc9963aacb7da5177e40874585d7407c0f93fb9d7518ec58b86e562f633f36cd"},
    {file = "regex-2021.3.17-cp39-cp39-win_amd64.whl", hash = "sha256:a0d04128e005142260de3733591ddf476e4902c0c23c1af237d9acf3c96e1b38"},
    {file = "regex-2021.3.17.tar.gz", hash = "sha256:4b8a1fb724904139149a43e172850f35aa6ea97fb0545244dc0b805e0154ed68"},
]
six = [
    {file = "six-1.15.0-py2.py3-none-any.whl", hash = "sha256:8b74bedcbbbaca38ff6d7491d76f2b06b3592611af620f8426e82dddb04a5ced"},
    {file = "six-1.15.0.tar.gz", hash = "sha256:30639c035cdb23534cd4aa2dd52c3bf48f06e5f4a941509c8bafd8ce11080259"},
]
toml = [
    {file = "toml-0.10.2-py2.py3-none-any.whl", hash = "sha256:806143ae5bfb6a3c6e736a764057db0e6a0e05e338b5630894a5f779cabb4f9b"},
    {file = "toml-0.10.2.tar.gz", hash = "sha256:b3bda1d108d5dd99f4a20d24d9c348e91c4db7ab1b749200bded2f839ccbe68f"},
]
typed-ast = [
    {file = "typed_ast-1.4.2-cp35-cp35m-manylinux1_i686.whl", hash = "sha256:7703620125e4fb79b64aa52427ec192822e9f45d37d4b6625ab37ef403e1df70"},
    {file = "typed_ast-1.4.2-cp35-cp35m-manylinux1_x86_64.whl", hash = "sha256:c9aadc4924d4b5799112837b226160428524a9a45f830e0d0f184b19e4090487"},
    {file = "typed_ast-1.4.2-cp35-cp35m-manylinux2014_aarch64.whl", hash = "sha256:9ec45db0c766f196ae629e509f059ff05fc3148f9ffd28f3cfe75d4afb485412"},
    {file = "typed_ast-1.4.2-cp35-cp35m-win32.whl", hash = "sha256:85f95aa97a35bdb2f2f7d10ec5bbdac0aeb9dafdaf88e17492da0504de2e6400"},
    {file = "typed_ast-1.4.2-cp35-cp35m-win_amd64.whl", hash = "sha256:9044ef2df88d7f33692ae3f18d3be63dec69c4fb1b5a4a9ac950f9b4ba571606"},
    {file = "typed_ast-1.4.2-cp36-cp36m-macosx_10_9_x86_64.whl", hash = "sha256:c1c876fd795b36126f773db9cbb393f19808edd2637e00fd6caba0e25f2c7b64"},
    {file = "typed_ast-1.4.2-cp36-cp36m-manylinux1_i686.whl", hash = "sha256:5dcfc2e264bd8a1db8b11a892bd1647154ce03eeba94b461effe68790d8b8e07"},
    {file = "typed_ast-1.4.2-cp36-cp36m-manylinux1_x86_64.whl", hash = "sha256:8db0e856712f79c45956da0c9a40ca4246abc3485ae0d7ecc86a20f5e4c09abc"},
    {file = "typed_ast-1.4.2-cp36-cp36m-manylinux2014_aarch64.whl", hash = "sha256:d003156bb6a59cda9050e983441b7fa2487f7800d76bdc065566b7d728b4581a"},
    {file = "typed_ast-1.4.2-cp36-cp36m-win32.whl", hash = "sha256:4c790331247081ea7c632a76d5b2a265e6d325ecd3179d06e9cf8d46d90dd151"},
    {file = "typed_ast-1.4.2-cp36-cp36m-win_amd64.whl", hash = "sha256:d175297e9533d8d37437abc14e8a83cbc68af93cc9c1c59c2c292ec59a0697a3"},
    {file = "typed_ast-1.4.2-cp37-cp37m-macosx_10_9_x86_64.whl", hash = "sha256:cf54cfa843f297991b7388c281cb3855d911137223c6b6d2dd82a47ae5125a41"},
    {file = "typed_ast-1.4.2-cp37-cp37m-manylinux1_i686.whl", hash = "sha256:b4fcdcfa302538f70929eb7b392f536a237cbe2ed9cba88e3bf5027b39f5f77f"},
    {file = "typed_ast-1.4.2-cp37-cp37m-manylinux1_x86_64.whl", hash = "sha256:987f15737aba2ab5f3928c617ccf1ce412e2e321c77ab16ca5a293e7bbffd581"},
    {file = "typed_ast-1.4.2-cp37-cp37m-manylinux2014_aarch64.whl", hash = "sha256:37f48d46d733d57cc70fd5f30572d11ab8ed92da6e6b28e024e4a3edfb456e37"},
    {file = "typed_ast-1.4.2-cp37-cp37m-win32.whl", hash = "sha256:36d829b31ab67d6fcb30e185ec996e1f72b892255a745d3a82138c97d21ed1cd"},
    {file = "typed_ast-1.4.2-cp37-cp37m-win_amd64.whl", hash = "sha256:8368f83e93c7156ccd40e49a783a6a6850ca25b556c0fa0240ed0f659d2fe496"},
    {file = "typed_ast-1.4.2-cp38-cp38-macosx_10_9_x86_64.whl", hash = "sha256:963c80b583b0661918718b095e02303d8078950b26cc00b5e5ea9ababe0de1fc"},
    {file = "typed_ast-1.4.2-cp38-cp38-manylinux1_i686.whl", hash = "sha256:e683e409e5c45d5c9082dc1daf13f6374300806240719f95dc783d1fc942af10"},
    {file = "typed_ast-1.4.2-cp38-cp38-manylinux1_x86_64.whl", hash = "sha256:84aa6223d71012c68d577c83f4e7db50d11d6b1399a9c779046d75e24bed74ea"},
    {file = "typed_ast-1.4.2-cp38-cp38-manylinux2014_aarch64.whl", hash = "sha256:a38878a223bdd37c9709d07cd357bb79f4c760b29210e14ad0fb395294583787"},
    {file = "typed_ast-1.4.2-cp38-cp38-win32.whl", hash = "sha256:a2c927c49f2029291fbabd673d51a2180038f8cd5a5b2f290f78c4516be48be2"},
    {file = "typed_ast-1.4.2-cp38-cp38-win_amd64.whl", hash = "sha256:c0c74e5579af4b977c8b932f40a5464764b2f86681327410aa028a22d2f54937"},
    {file = "typed_ast-1.4.2-cp39-cp39-macosx_10_9_x86_64.whl", hash = "sha256:07d49388d5bf7e863f7fa2f124b1b1d89d8aa0e2f7812faff0a5658c01c59aa1"},
    {file = "typed_ast-1.4.2-cp39-cp39-manylinux1_i686.whl", hash = "sha256:240296b27397e4e37874abb1df2a608a92df85cf3e2a04d0d4d61055c8305ba6"},
    {file = "typed_ast-1.4.2-cp39-cp39-manylinux1_x86_64.whl", hash = "sha256:d746a437cdbca200622385305aedd9aef68e8a645e385cc483bdc5e488f07166"},
    {file = "typed_ast-1.4.2-cp39-cp39-manylinux2014_aarch64.whl", hash = "sha256:14bf1522cdee369e8f5581238edac09150c765ec1cb33615855889cf33dcb92d"},
    {file = "typed_ast-1.4.2-cp39-cp39-win32.whl", hash = "sha256:cc7b98bf58167b7f2db91a4327da24fb93368838eb84a44c472283778fc2446b"},
    {file = "typed_ast-1.4.2-cp39-cp39-win_amd64.whl", hash = "sha256:7147e2a76c75f0f64c4319886e7639e490fee87c9d25cb1d4faef1d8cf83a440"},
    {file = "typed_ast-1.4.2.tar.gz", hash = "sha256:9fc0b3cb5d1720e7141d103cf4819aea239f7d136acf9ee4a69b047b7986175a"},
]
typing-extensions = [
    {file = "typing_extensions-3.7.4.3-py2-none-any.whl", hash = "sha256:dafc7639cde7f1b6e1acc0f457842a83e722ccca8eef5270af2d74792619a89f"},
    {file = "typing_extensions-3.7.4.3-py3-none-any.whl", hash = "sha256:7cb407020f00f7bfc3cb3e7881628838e69d8f3fcab2f64742a5e76b2f841918"},
    {file = "typing_extensions-3.7.4.3.tar.gz", hash = "sha256:99d4073b617d30288f569d3f13d2bd7548c3a7e4c8de87db09a9d29bb3a4a60c"},
]
wcwidth = [
    {file = "wcwidth-0.2.5-py2.py3-none-any.whl", hash = "sha256:beb4802a9cebb9144e99086eff703a642a13d6a0052920003a230f3294bbe784"},
    {file = "wcwidth-0.2.5.tar.gz", hash = "sha256:c4d647b99872929fdb7bdcaa4fbe7f01413ed3d98077df798530e5b04f116c83"},
]
zipp = [
    {file = "zipp-3.4.1-py3-none-any.whl", hash = "sha256:51cb66cc54621609dd593d1787f286ee42a5c0adbb4b29abea5a63edc3e03098"},
    {file = "zipp-3.4.1.tar.gz", hash = "sha256:3607921face881ba3e026887d8150cca609d517579abe052ac81fc5aeffdbd76"},
]
